{
    "name": "@scandinaviatech-test/ms-event-publisher",
    "lockfileVersion": 3,
    "requires": true,
    "packages": {
        "": {
            "name": "@scandinaviatech-test/ms-event-publisher",
            "dependencies": {
                "@scandinaviatech-test/ms-event-publisher": "file:"
            }
        },
        "node_modules/@scandinaviatech-test/ms-event-publisher": {
            "resolved": "",
            "link": true
        }
    }
}
